
Microsoft Visual Studio Solution File, Format Version 12.00
# Visual Studio Version 17
VisualStudioVersion = 17.10.35027.167
MinimumVisualStudioVersion = 10.0.40219.1
Project("{FAE04EC0-301F-11D3-BF4B-00C04F79EFBC}") = "WpfApp1", "WpfApp1.csproj", "{60FD546D-DA32-49BF-9D48-E06CFCC01F7D}"
EndProject
Global
	GlobalSection(SolutionConfigurationPlatforms) = preSolution
		Debug|Any CPU = Debug|Any CPU
		Release|Any CPU = Release|Any CPU
	EndGlobalSection
	GlobalSection(ProjectConfigurationPlatforms) = postSolution
		{60FD546D-DA32-49BF-9D48-E06CFCC01F7D}.Debug|Any CPU.ActiveCfg = Debug|Any CPU
		{60FD546D-DA32-49BF-9D48-E06CFCC01F7D}.Debug|Any CPU.Build.0 = Debug|Any CPU
		{60FD546D-DA32-49BF-9D48-E06CFCC01F7D}.Release|Any CPU.ActiveCfg = Release|Any CPU
		{60FD546D-DA32-49BF-9D48-E06CFCC01F7D}.Release|Any CPU.Build.0 = Release|Any CPU
	EndGlobalSection
	GlobalSection(SolutionProperties) = preSolution
		HideSolutionNode = FALSE
	EndGlobalSection
	GlobalSection(ExtensibilityGlobals) = postSolution
		SolutionGuid = {703288B8-8CB5-46C7-83FC-7E8BC5A1419B}
	EndGlobalSection
EndGlobal
